
Microsoft Visual Studio Solution File, Format Version 12.00
# Visual Studio Version 16
VisualStudioVersion = 16.0.31205.134
MinimumVisualStudioVersion = 10.0.40219.1
Project("{2150E333-8FDC-42A3-9474-1A3956D46DE8}") = "src", "src", "{5E529D16-D115-4514-AA00-325F7A8CBE38}"
EndProject
Project("{9A19103F-16F7-4668-BE54-9A1E7A4F7556}") = "CacheSample", "src\CacheSample\CacheSample.csproj", "{A31AA4B1-9B26-4940-BFA7-EBA7666442A1}"
EndProject
Project("{9A19103F-16F7-4668-BE54-9A1E7A4F7556}") = "CacheSample.Domain", "src\CacheSample.Domain\CacheSample.Domain.csproj", "{0BAF1C89-BC45-4E72-85C0-C552802CE194}"
EndProject
Project("{9A19103F-16F7-4668-BE54-9A1E7A4F7556}") = "CacheSample.Infrastructure", "src\CacheSample.Infrastructure\CacheSample.Infrastructure.csproj", "{D811E200-6E2F-45AE-9EF6-F3E2F6BDB780}"
EndProject
Global
	GlobalSection(SolutionConfigurationPlatforms) = preSolution
		Debug|Any CPU = Debug|Any CPU
		Release|Any CPU = Release|Any CPU
	EndGlobalSection
	GlobalSection(ProjectConfigurationPlatforms) = postSolution
		{A31AA4B1-9B26-4940-BFA7-EBA7666442A1}.Debug|Any CPU.ActiveCfg = Debug|Any CPU
		{A31AA4B1-9B26-4940-BFA7-EBA7666442A1}.Debug|Any CPU.Build.0 = Debug|Any CPU
		{A31AA4B1-9B26-4940-BFA7-EBA7666442A1}.Release|Any CPU.ActiveCfg = Release|Any CPU
		{A31AA4B1-9B26-4940-BFA7-EBA7666442A1}.Release|Any CPU.Build.0 = Release|Any CPU
		{0BAF1C89-BC45-4E72-85C0-C552802CE194}.Debug|Any CPU.ActiveCfg = Debug|Any CPU
		{0BAF1C89-BC45-4E72-85C0-C552802CE194}.Debug|Any CPU.Build.0 = Debug|Any CPU
		{0BAF1C89-BC45-4E72-85C0-C552802CE194}.Release|Any CPU.ActiveCfg = Release|Any CPU
		{0BAF1C89-BC45-4E72-85C0-C552802CE194}.Release|Any CPU.Build.0 = Release|Any CPU
		{D811E200-6E2F-45AE-9EF6-F3E2F6BDB780}.Debug|Any CPU.ActiveCfg = Debug|Any CPU
		{D811E200-6E2F-45AE-9EF6-F3E2F6BDB780}.Debug|Any CPU.Build.0 = Debug|Any CPU
		{D811E200-6E2F-45AE-9EF6-F3E2F6BDB780}.Release|Any CPU.ActiveCfg = Release|Any CPU
		{D811E200-6E2F-45AE-9EF6-F3E2F6BDB780}.Release|Any CPU.Build.0 = Release|Any CPU
	EndGlobalSection
	GlobalSection(SolutionProperties) = preSolution
		HideSolutionNode = FALSE
	EndGlobalSection
	GlobalSection(NestedProjects) = preSolution
		{A31AA4B1-9B26-4940-BFA7-EBA7666442A1} = {5E529D16-D115-4514-AA00-325F7A8CBE38}
		{0BAF1C89-BC45-4E72-85C0-C552802CE194} = {5E529D16-D115-4514-AA00-325F7A8CBE38}
		{D811E200-6E2F-45AE-9EF6-F3E2F6BDB780} = {5E529D16-D115-4514-AA00-325F7A8CBE38}
	EndGlobalSection
	GlobalSection(ExtensibilityGlobals) = postSolution
		SolutionGuid = {BC72BA4C-9056-4FA9-AAA0-258BB89B5527}
	EndGlobalSection
EndGlobal
